
Microsoft Visual Studio Solution File, Format Version 12.00
# Visual Studio Version 17
VisualStudioVersion = 17.7.34031.279
MinimumVisualStudioVersion = 10.0.40219.1
Project("{8BC9CEB8-8B4A-11D0-8D11-00A0C91BC942}") = "PR6.4.it", "PR6.4.it\PR6.4.it.vcxproj", "{D3E9302B-04C4-41BE-9CC6-F8E891F081FF}"
EndProject
Project("{8BC9CEB8-8B4A-11D0-8D11-00A0C91BC942}") = "UnitTest06.4.it", "UnitTest06.4.it\UnitTest06.4.it.vcxproj", "{7DD4690C-E845-4F66-8DF5-288D7BD21B9F}"
EndProject
Global
	GlobalSection(SolutionConfigurationPlatforms) = preSolution
		Debug|x64 = Debug|x64
		Debug|x86 = Debug|x86
		Release|x64 = Release|x64
		Release|x86 = Release|x86
	EndGlobalSection
	GlobalSection(ProjectConfigurationPlatforms) = postSolution
		{D3E9302B-04C4-41BE-9CC6-F8E891F081FF}.Debug|x64.ActiveCfg = Debug|x64
		{D3E9302B-04C4-41BE-9CC6-F8E891F081FF}.Debug|x64.Build.0 = Debug|x64
		{D3E9302B-04C4-41BE-9CC6-F8E891F081FF}.Debug|x86.ActiveCfg = Debug|Win32
		{D3E9302B-04C4-41BE-9CC6-F8E891F081FF}.Debug|x86.Build.0 = Debug|Win32
		{D3E9302B-04C4-41BE-9CC6-F8E891F081FF}.Release|x64.ActiveCfg = Release|x64
		{D3E9302B-04C4-41BE-9CC6-F8E891F081FF}.Release|x64.Build.0 = Release|x64
		{D3E9302B-04C4-41BE-9CC6-F8E891F081FF}.Release|x86.ActiveCfg = Release|Win32
		{D3E9302B-04C4-41BE-9CC6-F8E891F081FF}.Release|x86.Build.0 = Release|Win32
		{7DD4690C-E845-4F66-8DF5-288D7BD21B9F}.Debug|x64.ActiveCfg = Debug|x64
		{7DD4690C-E845-4F66-8DF5-288D7BD21B9F}.Debug|x64.Build.0 = Debug|x64
		{7DD4690C-E845-4F66-8DF5-288D7BD21B9F}.Debug|x86.ActiveCfg = Debug|Win32
		{7DD4690C-E845-4F66-8DF5-288D7BD21B9F}.Debug|x86.Build.0 = Debug|Win32
		{7DD4690C-E845-4F66-8DF5-288D7BD21B9F}.Release|x64.ActiveCfg = Release|x64
		{7DD4690C-E845-4F66-8DF5-288D7BD21B9F}.Release|x64.Build.0 = Release|x64
		{7DD4690C-E845-4F66-8DF5-288D7BD21B9F}.Release|x86.ActiveCfg = Release|Win32
		{7DD4690C-E845-4F66-8DF5-288D7BD21B9F}.Release|x86.Build.0 = Release|Win32
	EndGlobalSection
	GlobalSection(SolutionProperties) = preSolution
		HideSolutionNode = FALSE
	EndGlobalSection
	GlobalSection(ExtensibilityGlobals) = postSolution
		SolutionGuid = {860E6258-C4FD-401B-8E66-9BBF2E81AA0B}
	EndGlobalSection
EndGlobal
